// !$*UTF8*$!
{
	archiveVersion = 1;
	classes = {
	};
	objectVersion = 51;
	objects = {

/* Begin PBXBuildFile section */
		E92F148EAF68E6072EBC5439 /* libPods-RNDM.a in Frameworks */ = {isa = PBXBuildFile; fileRef = 3355594C8BB2901B413FEA31 /* libPods-RNDM.a */; };
		EE4E9E2C24A4CA73006B59D4 /* GoogleService-Info.plist in Resources */ = {isa = PBXBuildFile; fileRef = EE4E9E2B24A4CA73006B59D4 /* GoogleService-Info.plist */; };
		EE4E9E3124A4E39F006B59D4 /* AddThoughtVC.swift in Sources */ = {isa = PBXBuildFile; fileRef = EE4E9E3024A4E39F006B59D4 /* AddThoughtVC.swift */; };
		EE4E9E3424A4E907006B59D4 /* DataService.swift in Sources */ = {isa = PBXBuildFile; fileRef = EE4E9E3324A4E907006B59D4 /* DataService.swift */; };
		EE4E9E3724A4F03B006B59D4 /* enum.swift in Sources */ = {isa = PBXBuildFile; fileRef = EE4E9E3624A4F03B006B59D4 /* enum.swift */; };
		EE4E9E3A24A4F264006B59D4 /* Constants.swift in Sources */ = {isa = PBXBuildFile; fileRef = EE4E9E3924A4F264006B59D4 /* Constants.swift */; };
		EE4E9E3C24A4F975006B59D4 /* ThoughtCell.swift in Sources */ = {isa = PBXBuildFile; fileRef = EE4E9E3B24A4F975006B59D4 /* ThoughtCell.swift */; };
		EE4E9E3E24A4FAFC006B59D4 /* Thought.swift in Sources */ = {isa = PBXBuildFile; fileRef = EE4E9E3D24A4FAFC006B59D4 /* Thought.swift */; };
		EEFCE56124A4C1C600F2FFC1 /* AppDelegate.swift in Sources */ = {isa = PBXBuildFile; fileRef = EEFCE56024A4C1C600F2FFC1 /* AppDelegate.swift */; };
		EEFCE56324A4C1C600F2FFC1 /* SceneDelegate.swift in Sources */ = {isa = PBXBuildFile; fileRef = EEFCE56224A4C1C600F2FFC1 /* SceneDelegate.swift */; };
		EEFCE56524A4C1C600F2FFC1 /* MainVC.swift in Sources */ = {isa = PBXBuildFile; fileRef = EEFCE56424A4C1C600F2FFC1 /* MainVC.swift */; };
		EEFCE56824A4C1C600F2FFC1 /* Main.storyboard in Resources */ = {isa = PBXBuildFile; fileRef = EEFCE56624A4C1C600F2FFC1 /* Main.storyboard */; };
		EEFCE56A24A4C1C700F2FFC1 /* Assets.xcassets in Resources */ = {isa = PBXBuildFile; fileRef = EEFCE56924A4C1C700F2FFC1 /* Assets.xcassets */; };
		EEFCE56D24A4C1C700F2FFC1 /* LaunchScreen.storyboard in Resources */ = {isa = PBXBuildFile; fileRef = EEFCE56B24A4C1C700F2FFC1 /* LaunchScreen.storyboard */; };
/* End PBXBuildFile section */

/* Begin PBXFileReference section */
		0FBE1635D6E5CA15830C0181 /* Pods-RNDM.release.xcconfig */ = {isa = PBXFileReference; includeInIndex = 1; lastKnownFileType = text.xcconfig; name = "Pods-RNDM.release.xcconfig"; path = "Target Support Files/Pods-RNDM/Pods-RNDM.release.xcconfig"; sourceTree = "<group>"; };
		3355594C8BB2901B413FEA31 /* libPods-RNDM.a */ = {isa = PBXFileReference; explicitFileType = archive.ar; includeInIndex = 0; path = "libPods-RNDM.a"; sourceTree = BUILT_PRODUCTS_DIR; };
		EE4E9E2B24A4CA73006B59D4 /* GoogleService-Info.plist */ = {isa = PBXFileReference; fileEncoding = 4; lastKnownFileType = text.plist.xml; path = "GoogleService-Info.plist"; sourceTree = "<group>"; };
		EE4E9E3024A4E39F006B59D4 /* AddThoughtVC.swift */ = {isa = PBXFileReference; lastKnownFileType = sourcecode.swift; path = AddThoughtVC.swift; sourceTree = "<group>"; };
		EE4E9E3324A4E907006B59D4 /* DataService.swift */ = {isa = PBXFileReference; lastKnownFileType = sourcecode.swift; path = DataService.swift; sourceTree = "<group>"; };
		EE4E9E3624A4F03B006B59D4 /* enum.swift */ = {isa = PBXFileReference; lastKnownFileType = sourcecode.swift; path = enum.swift; sourceTree = "<group>"; };
		EE4E9E3924A4F264006B59D4 /* Constants.swift */ = {isa = PBXFileReference; lastKnownFileType = sourcecode.swift; path = Constants.swift; sourceTree = "<group>"; };
		EE4E9E3B24A4F975006B59D4 /* ThoughtCell.swift */ = {isa = PBXFileReference; lastKnownFileType = sourcecode.swift; path = ThoughtCell.swift; sourceTree = "<group>"; };
		EE4E9E3D24A4FAFC006B59D4 /* Thought.swift */ = {isa = PBXFileReference; lastKnownFileType = sourcecode.swift; path = Thought.swift; sourceTree = "<group>"; };
		EEFCE55D24A4C1C600F2FFC1 /* RNDM.app */ = {isa = PBXFileReference; explicitFileType = wrapper.application; includeInIndex = 0; path = RNDM.app; sourceTree = BUILT_PRODUCTS_DIR; };
		EEFCE56024A4C1C600F2FFC1 /* AppDelegate.swift */ = {isa = PBXFileReference; lastKnownFileType = sourcecode.swift; path = AppDelegate.swift; sourceTree = "<group>"; };
		EEFCE56224A4C1C600F2FFC1 /* SceneDelegate.swift */ = {isa = PBXFileReference; lastKnownFileType = sourcecode.swift; path = SceneDelegate.swift; sourceTree = "<group>"; };
		EEFCE56424A4C1C600F2FFC1 /* MainVC.swift */ = {isa = PBXFileReference; lastKnownFileType = sourcecode.swift; path = MainVC.swift; sourceTree = "<group>"; };
		EEFCE56724A4C1C600F2FFC1 /* Base */ = {isa = PBXFileReference; lastKnownFileType = file.storyboard; name = Base; path = Base.lproj/Main.storyboard; sourceTree = "<group>"; };
		EEFCE56924A4C1C700F2FFC1 /* Assets.xcassets */ = {isa = PBXFileReference; lastKnownFileType = folder.assetcatalog; path = Assets.xcassets; sourceTree = "<group>"; };
		EEFCE56C24A4C1C700F2FFC1 /* Base */ = {isa = PBXFileReference; lastKnownFileType = file.storyboard; name = Base; path = Base.lproj/LaunchScreen.storyboard; sourceTree = "<group>"; };
		EEFCE56E24A4C1C700F2FFC1 /* Info.plist */ = {isa = PBXFileReference; lastKnownFileType = text.plist.xml; path = Info.plist; sourceTree = "<group>"; };
		F245D7AC23FCB80A82D6CC3D /* Pods-RNDM.debug.xcconfig */ = {isa = PBXFileReference; includeInIndex = 1; lastKnownFileType = text.xcconfig; name = "Pods-RNDM.debug.xcconfig"; path = "Target Support Files/Pods-RNDM/Pods-RNDM.debug.xcconfig"; sourceTree = "<group>"; };
/* End PBXFileReference section */

/* Begin PBXFrameworksBuildPhase section */
		EEFCE55A24A4C1C600F2FFC1 /* Frameworks */ = {
			isa = PBXFrameworksBuildPhase;
			buildActionMask = 2147483647;
			files = (
				E92F148EAF68E6072EBC5439 /* libPods-RNDM.a in Frameworks */,
			);
			runOnlyForDeploymentPostprocessing = 0;
		};
/* End PBXFrameworksBuildPhase section */

/* Begin PBXGroup section */
		95E6098F9CE28A56743A1387 /* Pods */ = {
			isa = PBXGroup;
			children = (
				F245D7AC23FCB80A82D6CC3D /* Pods-RNDM.debug.xcconfig */,
				0FBE1635D6E5CA15830C0181 /* Pods-RNDM.release.xcconfig */,
			);
			path = Pods;
			sourceTree = "<group>";
		};
		E0453D05B53DD3EC92F0F31C /* Frameworks */ = {
			isa = PBXGroup;
			children = (
				3355594C8BB2901B413FEA31 /* libPods-RNDM.a */,
			);
			name = Frameworks;
			sourceTree = "<group>";
		};
		EE4E9E2D24A4DE60006B59D4 /* Controllers */ = {
			isa = PBXGroup;
			children = (
				EEFCE56424A4C1C600F2FFC1 /* MainVC.swift */,
				EE4E9E3024A4E39F006B59D4 /* AddThoughtVC.swift */,
			);
			path = Controllers;
			sourceTree = "<group>";
		};
		EE4E9E2E24A4DE73006B59D4 /* View */ = {
			isa = PBXGroup;
			children = (
				EE4E9E3B24A4F975006B59D4 /* ThoughtCell.swift */,
			);
			path = View;
			sourceTree = "<group>";
		};
		EE4E9E2F24A4DE78006B59D4 /* Model */ = {
			isa = PBXGroup;
			children = (
				EE4E9E3D24A4FAFC006B59D4 /* Thought.swift */,
			);
			path = Model;
			sourceTree = "<group>";
		};
		EE4E9E3224A4E8FA006B59D4 /* Services */ = {
			isa = PBXGroup;
			children = (
				EE4E9E3324A4E907006B59D4 /* DataService.swift */,
			);
			path = Services;
			sourceTree = "<group>";
		};
		EE4E9E3524A4F032006B59D4 /* Enums */ = {
			isa = PBXGroup;
			children = (
				EE4E9E3624A4F03B006B59D4 /* enum.swift */,
			);
			path = Enums;
			sourceTree = "<group>";
		};
		EE4E9E3824A4F25B006B59D4 /* Utilities */ = {
			isa = PBXGroup;
			children = (
				EE4E9E3924A4F264006B59D4 /* Constants.swift */,
			);
			path = Utilities;
			sourceTree = "<group>";
		};
		EEFCE55424A4C1C600F2FFC1 = {
			isa = PBXGroup;
			children = (
				EEFCE55F24A4C1C600F2FFC1 /* RNDM */,
				EEFCE55E24A4C1C600F2FFC1 /* Products */,
				95E6098F9CE28A56743A1387 /* Pods */,
				E0453D05B53DD3EC92F0F31C /* Frameworks */,
			);
			sourceTree = "<group>";
		};
		EEFCE55E24A4C1C600F2FFC1 /* Products */ = {
			isa = PBXGroup;
			children = (
				EEFCE55D24A4C1C600F2FFC1 /* RNDM.app */,
			);
			name = Products;
			sourceTree = "<group>";
		};
		EEFCE55F24A4C1C600F2FFC1 /* RNDM */ = {
			isa = PBXGroup;
			children = (
				EE4E9E3824A4F25B006B59D4 /* Utilities */,
				EE4E9E3524A4F032006B59D4 /* Enums */,
				EE4E9E3224A4E8FA006B59D4 /* Services */,
				EE4E9E2F24A4DE78006B59D4 /* Model */,
				EE4E9E2E24A4DE73006B59D4 /* View */,
				EE4E9E2D24A4DE60006B59D4 /* Controllers */,
				EEFCE56024A4C1C600F2FFC1 /* AppDelegate.swift */,
				EEFCE56224A4C1C600F2FFC1 /* SceneDelegate.swift */,
				EEFCE56624A4C1C600F2FFC1 /* Main.storyboard */,
				EEFCE56924A4C1C700F2FFC1 /* Assets.xcassets */,
				EEFCE56B24A4C1C700F2FFC1 /* LaunchScreen.storyboard */,
				EEFCE56E24A4C1C700F2FFC1 /* Info.plist */,
				EE4E9E2B24A4CA73006B59D4 /* GoogleService-Info.plist */,
			);
			path = RNDM;
			sourceTree = "<group>";
		};
/* End PBXGroup section */

/* Begin PBXNativeTarget section */
		EEFCE55C24A4C1C600F2FFC1 /* RNDM */ = {
			isa = PBXNativeTarget;
			buildConfigurationList = EEFCE57124A4C1C700F2FFC1 /* Build configuration list for PBXNativeTarget "RNDM" */;
			buildPhases = (
				3D11AB7CE2DE22B9892FF69E /* [CP] Check Pods Manifest.lock */,
				EEFCE55924A4C1C600F2FFC1 /* Sources */,
				EEFCE55A24A4C1C600F2FFC1 /* Frameworks */,
				EEFCE55B24A4C1C600F2FFC1 /* Resources */,
				B881AB0B96C489469E8526E7 /* [CP] Copy Pods Resources */,
			);
			buildRules = (
			);
			dependencies = (
			);
			name = RNDM;
			productName = RNDM;
			productReference = EEFCE55D24A4C1C600F2FFC1 /* RNDM.app */;
			productType = "com.apple.product-type.application";
		};
/* End PBXNativeTarget section */

/* Begin PBXProject section */
		EEFCE55524A4C1C600F2FFC1 /* Project object */ = {
			isa = PBXProject;
			attributes = {
				LastSwiftUpdateCheck = 1150;
				LastUpgradeCheck = 1150;
				ORGANIZATIONNAME = ThinkX;
				TargetAttributes = {
					EEFCE55C24A4C1C600F2FFC1 = {
						CreatedOnToolsVersion = 11.5;
					};
				};
			};
			buildConfigurationList = EEFCE55824A4C1C600F2FFC1 /* Build configuration list for PBXProject "RNDM" */;
			compatibilityVersion = "Xcode 9.3";
			developmentRegion = en;
			hasScannedForEncodings = 0;
			knownRegions = (
				en,
				Base,
			);
			mainGroup = EEFCE55424A4C1C600F2FFC1;
			productRefGroup = EEFCE55E24A4C1C600F2FFC1 /* Products */;
			projectDirPath = "";
			projectRoot = "";
			targets = (
				EEFCE55C24A4C1C600F2FFC1 /* RNDM */,
			);
		};
/* End PBXProject section */

/* Begin PBXResourcesBuildPhase section */
		EEFCE55B24A4C1C600F2FFC1 /* Resources */ = {
			isa = PBXResourcesBuildPhase;
			buildActionMask = 2147483647;
			files = (
				EEFCE56D24A4C1C700F2FFC1 /* LaunchScreen.storyboard in Resources */,
				EEFCE56A24A4C1C700F2FFC1 /* Assets.xcassets in Resources */,
				EE4E9E2C24A4CA73006B59D4 /* GoogleService-Info.plist in Resources */,
				EEFCE56824A4C1C600F2FFC1 /* Main.storyboard in Resources */,
			);
			runOnlyForDeploymentPostprocessing = 0;
		};
/* End PBXResourcesBuildPhase section */

/* Begin PBXShellScriptBuildPhase section */
		3D11AB7CE2DE22B9892FF69E /* [CP] Check Pods Manifest.lock */ = {
			isa = PBXShellScriptBuildPhase;
			buildActionMask = 2147483647;
			files = (
			);
			inputFileListPaths = (
			);
			inputPaths = (
				"${PODS_PODFILE_DIR_PATH}/Podfile.lock",
				"${PODS_ROOT}/Manifest.lock",
			);
			name = "[CP] Check Pods Manifest.lock";
			outputFileListPaths = (
			);
			outputPaths = (
				"$(DERIVED_FILE_DIR)/Pods-RNDM-checkManifestLockResult.txt",
			);
			runOnlyForDeploymentPostprocessing = 0;
			shellPath = /bin/sh;
			shellScript = "diff \"${PODS_PODFILE_DIR_PATH}/Podfile.lock\" \"${PODS_ROOT}/Manifest.lock\" > /dev/null\nif [ $? != 0 ] ; then\n    # print error to STDERR\n    echo \"error: The sandbox is not in sync with the Podfile.lock. Run 'pod install' or update your CocoaPods installation.\" >&2\n    exit 1\nfi\n# This output is used by Xcode 'outputs' to avoid re-running this script phase.\necho \"SUCCESS\" > \"${SCRIPT_OUTPUT_FILE_0}\"\n";
			showEnvVarsInLog = 0;
		};
		B881AB0B96C489469E8526E7 /* [CP] Copy Pods Resources */ = {
			isa = PBXShellScriptBuildPhase;
			buildActionMask = 2147483647;
			files = (
			);
			inputFileListPaths = (
				"${PODS_ROOT}/Target Support Files/Pods-RNDM/Pods-RNDM-resources-${CONFIGURATION}-input-files.xcfilelist",
			);
			name = "[CP] Copy Pods Resources";
			outputFileListPaths = (
				"${PODS_ROOT}/Target Support Files/Pods-RNDM/Pods-RNDM-resources-${CONFIGURATION}-output-files.xcfilelist",
			);
			runOnlyForDeploymentPostprocessing = 0;
			shellPath = /bin/sh;
			shellScript = "\"${PODS_ROOT}/Target Support Files/Pods-RNDM/Pods-RNDM-resources.sh\"\n";
			showEnvVarsInLog = 0;
		};
/* End PBXShellScriptBuildPhase section */

/* Begin PBXSourcesBuildPhase section */
		EEFCE55924A4C1C600F2FFC1 /* Sources */ = {
			isa = PBXSourcesBuildPhase;
			buildActionMask = 2147483647;
			files = (
				EE4E9E3E24A4FAFC006B59D4 /* Thought.swift in Sources */,
				EEFCE56524A4C1C600F2FFC1 /* MainVC.swift in Sources */,
				EEFCE56124A4C1C600F2FFC1 /* AppDelegate.swift in Sources */,
				EE4E9E3724A4F03B006B59D4 /* enum.swift in Sources */,
				EE4E9E3124A4E39F006B59D4 /* AddThoughtVC.swift in Sources */,
				EE4E9E3A24A4F264006B59D4 /* Constants.swift in Sources */,
				EEFCE56324A4C1C600F2FFC1 /* SceneDelegate.swift in Sources */,
				EE4E9E3424A4E907006B59D4 /* DataService.swift in Sources */,
				EE4E9E3C24A4F975006B59D4 /* ThoughtCell.swift in Sources */,
			);
			runOnlyForDeploymentPostprocessing = 0;
		};
/* End PBXSourcesBuildPhase section */

/* Begin PBXVariantGroup section */
		EEFCE56624A4C1C600F2FFC1 /* Main.storyboard */ = {
			isa = PBXVariantGroup;
			children = (
				EEFCE56724A4C1C600F2FFC1 /* Base */,
			);
			name = Main.storyboard;
			sourceTree = "<group>";
		};
		EEFCE56B24A4C1C700F2FFC1 /* LaunchScreen.storyboard */ = {
			isa = PBXVariantGroup;
			children = (
				EEFCE56C24A4C1C700F2FFC1 /* Base */,
			);
			name = LaunchScreen.storyboard;
			sourceTree = "<group>";
		};
/* End PBXVariantGroup section */

/* Begin XCBuildConfiguration section */
		EEFCE56F24A4C1C700F2FFC1 /* Debug */ = {
			isa = XCBuildConfiguration;
			buildSettings = {
				ALWAYS_SEARCH_USER_PATHS = NO;
				CLANG_ANALYZER_NONNULL = YES;
				CLANG_ANALYZER_NUMBER_OBJECT_CONVERSION = YES_AGGRESSIVE;
				CLANG_CXX_LANGUAGE_STANDARD = "gnu++14";
				CLANG_CXX_LIBRARY = "libc++";
				CLANG_ENABLE_MODULES = YES;
				CLANG_ENABLE_OBJC_ARC = YES;
				CLANG_ENABLE_OBJC_WEAK = YES;
				CLANG_WARN_BLOCK_CAPTURE_AUTORELEASING = YES;
				CLANG_WARN_BOOL_CONVERSION = YES;
				CLANG_WARN_COMMA = YES;
				CLANG_WARN_CONSTANT_CONVERSION = YES;
				CLANG_WARN_DEPRECATED_OBJC_IMPLEMENTATIONS = YES;
				CLANG_WARN_DIRECT_OBJC_ISA_USAGE = YES_ERROR;
				CLANG_WARN_DOCUMENTATION_COMMENTS = YES;
				CLANG_WARN_EMPTY_BODY = YES;
				CLANG_WARN_ENUM_CONVERSION = YES;
				CLANG_WARN_INFINITE_RECURSION = YES;
				CLANG_WARN_INT_CONVERSION = YES;
				CLANG_WARN_NON_LITERAL_NULL_CONVERSION = YES;
				CLANG_WARN_OBJC_IMPLICIT_RETAIN_SELF = YES;
				CLANG_WARN_OBJC_LITERAL_CONVERSION = YES;
				CLANG_WARN_OBJC_ROOT_CLASS = YES_ERROR;
				CLANG_WARN_RANGE_LOOP_ANALYSIS = YES;
				CLANG_WARN_STRICT_PROTOTYPES = YES;
				CLANG_WARN_SUSPICIOUS_MOVE = YES;
				CLANG_WARN_UNGUARDED_AVAILABILITY = YES_AGGRESSIVE;
				CLANG_WARN_UNREACHABLE_CODE = YES;
				CLANG_WARN__DUPLICATE_METHOD_MATCH = YES;
				COPY_PHASE_STRIP = NO;
				DEBUG_INFORMATION_FORMAT = dwarf;
				ENABLE_STRICT_OBJC_MSGSEND = YES;
				ENABLE_TESTABILITY = YES;
				GCC_C_LANGUAGE_STANDARD = gnu11;
				GCC_DYNAMIC_NO_PIC = NO;
				GCC_NO_COMMON_BLOCKS = YES;
				GCC_OPTIMIZATION_LEVEL = 0;
				GCC_PREPROCESSOR_DEFINITIONS = (
					"DEBUG=1",
					"$(inherited)",
				);
				GCC_WARN_64_TO_32_BIT_CONVERSION = YES;
				GCC_WARN_ABOUT_RETURN_TYPE = YES_ERROR;
				GCC_WARN_UNDECLARED_SELECTOR = YES;
				GCC_WARN_UNINITIALIZED_AUTOS = YES_AGGRESSIVE;
				GCC_WARN_UNUSED_FUNCTION = YES;
				GCC_WARN_UNUSED_VARIABLE = YES;
				IPHONEOS_DEPLOYMENT_TARGET = 13.5;
				MTL_ENABLE_DEBUG_INFO = INCLUDE_SOURCE;
				MTL_FAST_MATH = YES;
				ONLY_ACTIVE_ARCH = YES;
				SDKROOT = iphoneos;
				SWIFT_ACTIVE_COMPILATION_CONDITIONS = DEBUG;
				SWIFT_OPTIMIZATION_LEVEL = "-Onone";
			};
			name = Debug;
		};
		EEFCE57024A4C1C700F2FFC1 /* Release */ = {
			isa = XCBuildConfiguration;
			buildSettings = {
				ALWAYS_SEARCH_USER_PATHS = NO;
				CLANG_ANALYZER_NONNULL = YES;
				CLANG_ANALYZER_NUMBER_OBJECT_CONVERSION = YES_AGGRESSIVE;
				CLANG_CXX_LANGUAGE_STANDARD = "gnu++14";
				CLANG_CXX_LIBRARY = "libc++";
				CLANG_ENABLE_MODULES = YES;
				CLANG_ENABLE_OBJC_ARC = YES;
				CLANG_ENABLE_OBJC_WEAK = YES;
				CLANG_WARN_BLOCK_CAPTURE_AUTORELEASING = YES;
				CLANG_WARN_BOOL_CONVERSION = YES;
				CLANG_WARN_COMMA = YES;
				CLANG_WARN_CONSTANT_CONVERSION = YES;
				CLANG_WARN_DEPRECATED_OBJC_IMPLEMENTATIONS = YES;
				CLANG_WARN_DIRECT_OBJC_ISA_USAGE = YES_ERROR;
				CLANG_WARN_DOCUMENTATION_COMMENTS = YES;
				CLANG_WARN_EMPTY_BODY = YES;
				CLANG_WARN_ENUM_CONVERSION = YES;
				CLANG_WARN_INFINITE_RECURSION = YES;
				CLANG_WARN_INT_CONVERSION = YES;
				CLANG_WARN_NON_LITERAL_NULL_CONVERSION = YES;
				CLANG_WARN_OBJC_IMPLICIT_RETAIN_SELF = YES;
				CLANG_WARN_OBJC_LITERAL_CONVERSION = YES;
				CLANG_WARN_OBJC_ROOT_CLASS = YES_ERROR;
				CLANG_WARN_RANGE_LOOP_ANALYSIS = YES;
				CLANG_WARN_STRICT_PROTOTYPES = YES;
				CLANG_WARN_SUSPICIOUS_MOVE = YES;
				CLANG_WARN_UNGUARDED_AVAILABILITY = YES_AGGRESSIVE;
				CLANG_WARN_UNREACHABLE_CODE = YES;
				CLANG_WARN__DUPLICATE_METHOD_MATCH = YES;
				COPY_PHASE_STRIP = NO;
				DEBUG_INFORMATION_FORMAT = "dwarf-with-dsym";
				ENABLE_NS_ASSERTIONS = NO;
				ENABLE_STRICT_OBJC_MSGSEND = YES;
				GCC_C_LANGUAGE_STANDARD = gnu11;
				GCC_NO_COMMON_BLOCKS = YES;
				GCC_WARN_64_TO_32_BIT_CONVERSION = YES;
				GCC_WARN_ABOUT_RETURN_TYPE = YES_ERROR;
				GCC_WARN_UNDECLARED_SELECTOR = YES;
				GCC_WARN_UNINITIALIZED_AUTOS = YES_AGGRESSIVE;
				GCC_WARN_UNUSED_FUNCTION = YES;
				GCC_WARN_UNUSED_VARIABLE = YES;
				IPHONEOS_DEPLOYMENT_TARGET = 13.5;
				MTL_ENABLE_DEBUG_INFO = NO;
				MTL_FAST_MATH = YES;
				SDKROOT = iphoneos;
				SWIFT_COMPILATION_MODE = wholemodule;
				SWIFT_OPTIMIZATION_LEVEL = "-O";
				VALIDATE_PRODUCT = YES;
			};
			name = Release;
		};
		EEFCE57224A4C1C700F2FFC1 /* Debug */ = {
			isa = XCBuildConfiguration;
			baseConfigurationReference = F245D7AC23FCB80A82D6CC3D /* Pods-RNDM.debug.xcconfig */;
			buildSettings = {
				ASSETCATALOG_COMPILER_APPICON_NAME = AppIcon;
				CODE_SIGN_STYLE = Automatic;
				DEVELOPMENT_TEAM = JBK837HF7X;
				INFOPLIST_FILE = RNDM/Info.plist;
				LD_RUNPATH_SEARCH_PATHS = (
					"$(inherited)",
					"@executable_path/Frameworks",
				);
				PRODUCT_BUNDLE_IDENTIFIER = com.harshitgajjar.RNDM;
				PRODUCT_NAME = "$(TARGET_NAME)";
				SWIFT_VERSION = 5.0;
				TARGETED_DEVICE_FAMILY = "1,2";
			};
			name = Debug;
		};
		EEFCE57324A4C1C700F2FFC1 /* Release */ = {
			isa = XCBuildConfiguration;
			baseConfigurationReference = 0FBE1635D6E5CA15830C0181 /* Pods-RNDM.release.xcconfig */;
			buildSettings = {
				ASSETCATALOG_COMPILER_APPICON_NAME = AppIcon;
				CODE_SIGN_STYLE = Automatic;
				DEVELOPMENT_TEAM = JBK837HF7X;
				INFOPLIST_FILE = RNDM/Info.plist;
				LD_RUNPATH_SEARCH_PATHS = (
					"$(inherited)",
					"@executable_path/Frameworks",
				);
				PRODUCT_BUNDLE_IDENTIFIER = com.harshitgajjar.RNDM;
				PRODUCT_NAME = "$(TARGET_NAME)";
				SWIFT_VERSION = 5.0;
				TARGETED_DEVICE_FAMILY = "1,2";
			};
			name = Release;
		};
/* End XCBuildConfiguration section */

/* Begin XCConfigurationList section */
		EEFCE55824A4C1C600F2FFC1 /* Build configuration list for PBXProject "RNDM" */ = {
			isa = XCConfigurationList;
			buildConfigurations = (
				EEFCE56F24A4C1C700F2FFC1 /* Debug */,
				EEFCE57024A4C1C700F2FFC1 /* Release */,
			);
			defaultConfigurationIsVisible = 0;
			defaultConfigurationName = Release;
		};
		EEFCE57124A4C1C700F2FFC1 /* Build configuration list for PBXNativeTarget "RNDM" */ = {
			isa = XCConfigurationList;
			buildConfigurations = (
				EEFCE57224A4C1C700F2FFC1 /* Debug */,
				EEFCE57324A4C1C700F2FFC1 /* Release */,
			);
			defaultConfigurationIsVisible = 0;
			defaultConfigurationName = Release;
		};
/* End XCConfigurationList section */
	};
	rootObject = EEFCE55524A4C1C600F2FFC1 /* Project object */;
}
